
Microsoft Visual Studio Solution File, Format Version 12.00
# Visual Studio 15
VisualStudioVersion = 15.0.27703.2047
MinimumVisualStudioVersion = 10.0.40219.1
Project("{FAE04EC0-301F-11D3-BF4B-00C04F79EFBC}") = "JValueMasker", "JValueMasker\JValueMasker.csproj", "{14A7EFA5-2CDD-4166-BCAE-CB644E88873B}"
EndProject
Global
	GlobalSection(SolutionConfigurationPlatforms) = preSolution
		Debug|Any CPU = Debug|Any CPU
		Release|Any CPU = Release|Any CPU
	EndGlobalSection
	GlobalSection(ProjectConfigurationPlatforms) = postSolution
		{14A7EFA5-2CDD-4166-BCAE-CB644E88873B}.Debug|Any CPU.ActiveCfg = Debug|Any CPU
		{14A7EFA5-2CDD-4166-BCAE-CB644E88873B}.Debug|Any CPU.Build.0 = Debug|Any CPU
		{14A7EFA5-2CDD-4166-BCAE-CB644E88873B}.Release|Any CPU.ActiveCfg = Release|Any CPU
		{14A7EFA5-2CDD-4166-BCAE-CB644E88873B}.Release|Any CPU.Build.0 = Release|Any CPU
	EndGlobalSection
	GlobalSection(SolutionProperties) = preSolution
		HideSolutionNode = FALSE
	EndGlobalSection
	GlobalSection(ExtensibilityGlobals) = postSolution
		SolutionGuid = {4CFF204E-36BF-403D-B740-F185C6C7D010}
	EndGlobalSection
EndGlobal
